
Microsoft Visual Studio Solution File, Format Version 12.00
# Visual Studio Version 16
VisualStudioVersion = 16.0.32802.440
MinimumVisualStudioVersion = 10.0.40219.1
Project("{9A19103F-16F7-4668-BE54-9A1E7A4F7556}") = "APIEntities", "APIEntities\APIEntities.csproj", "{37D1E638-7139-42D0-8B95-C75B8BDCA820}"
EndProject
Project("{9A19103F-16F7-4668-BE54-9A1E7A4F7556}") = "APIBusinessLogic", "APIBusinessLogic\APIBusinessLogic.csproj", "{9692EE6E-39ED-4F64-BB5A-92A7E14CFFAF}"
EndProject
Project("{9A19103F-16F7-4668-BE54-9A1E7A4F7556}") = "API-ConsoleApplication", "API-ConsoleApplication\API-ConsoleApplication.csproj", "{3D2BE929-6644-4C91-8D1D-65D4107212E8}"
EndProject
Project("{9A19103F-16F7-4668-BE54-9A1E7A4F7556}") = "API-WebApplication", "API-WebApplication\API-WebApplication.csproj", "{ABA2D187-9B3F-4B0E-B2A8-6F06E03FD627}"
EndProject
Project("{FAE04EC0-301F-11D3-BF4B-00C04F79EFBC}") = "API.Tests", "API.Tests\API.Tests.csproj", "{62656802-7F9A-4CCC-814A-79DF0A0FE141}"
EndProject
Global
	GlobalSection(SolutionConfigurationPlatforms) = preSolution
		Debug|Any CPU = Debug|Any CPU
		Release|Any CPU = Release|Any CPU
	EndGlobalSection
	GlobalSection(ProjectConfigurationPlatforms) = postSolution
		{37D1E638-7139-42D0-8B95-C75B8BDCA820}.Debug|Any CPU.ActiveCfg = Debug|Any CPU
		{37D1E638-7139-42D0-8B95-C75B8BDCA820}.Debug|Any CPU.Build.0 = Debug|Any CPU
		{37D1E638-7139-42D0-8B95-C75B8BDCA820}.Release|Any CPU.ActiveCfg = Release|Any CPU
		{37D1E638-7139-42D0-8B95-C75B8BDCA820}.Release|Any CPU.Build.0 = Release|Any CPU
		{9692EE6E-39ED-4F64-BB5A-92A7E14CFFAF}.Debug|Any CPU.ActiveCfg = Debug|Any CPU
		{9692EE6E-39ED-4F64-BB5A-92A7E14CFFAF}.Debug|Any CPU.Build.0 = Debug|Any CPU
		{9692EE6E-39ED-4F64-BB5A-92A7E14CFFAF}.Release|Any CPU.ActiveCfg = Release|Any CPU
		{9692EE6E-39ED-4F64-BB5A-92A7E14CFFAF}.Release|Any CPU.Build.0 = Release|Any CPU
		{3D2BE929-6644-4C91-8D1D-65D4107212E8}.Debug|Any CPU.ActiveCfg = Debug|Any CPU
		{3D2BE929-6644-4C91-8D1D-65D4107212E8}.Debug|Any CPU.Build.0 = Debug|Any CPU
		{3D2BE929-6644-4C91-8D1D-65D4107212E8}.Release|Any CPU.ActiveCfg = Release|Any CPU
		{3D2BE929-6644-4C91-8D1D-65D4107212E8}.Release|Any CPU.Build.0 = Release|Any CPU
		{ABA2D187-9B3F-4B0E-B2A8-6F06E03FD627}.Debug|Any CPU.ActiveCfg = Debug|Any CPU
		{ABA2D187-9B3F-4B0E-B2A8-6F06E03FD627}.Debug|Any CPU.Build.0 = Debug|Any CPU
		{ABA2D187-9B3F-4B0E-B2A8-6F06E03FD627}.Release|Any CPU.ActiveCfg = Release|Any CPU
		{ABA2D187-9B3F-4B0E-B2A8-6F06E03FD627}.Release|Any CPU.Build.0 = Release|Any CPU
		{62656802-7F9A-4CCC-814A-79DF0A0FE141}.Debug|Any CPU.ActiveCfg = Debug|Any CPU
		{62656802-7F9A-4CCC-814A-79DF0A0FE141}.Debug|Any CPU.Build.0 = Debug|Any CPU
		{62656802-7F9A-4CCC-814A-79DF0A0FE141}.Release|Any CPU.ActiveCfg = Release|Any CPU
		{62656802-7F9A-4CCC-814A-79DF0A0FE141}.Release|Any CPU.Build.0 = Release|Any CPU
	EndGlobalSection
	GlobalSection(SolutionProperties) = preSolution
		HideSolutionNode = FALSE
	EndGlobalSection
	GlobalSection(ExtensibilityGlobals) = postSolution
		SolutionGuid = {767DE1A3-8D55-4CDB-9FBB-E6DE760098F0}
	EndGlobalSection
EndGlobal
